// !$*UTF8*$!
{
	archiveVersion = 1;
	classes = {
	};
	objectVersion = 50;
	objects = {

/* Begin PBXBuildFile section */
		33516AB125FDD9240048A5A5 /* AppDelegate.swift in Sources */ = {isa = PBXBuildFile; fileRef = 33516AB025FDD9240048A5A5 /* AppDelegate.swift */; };
		33516AB325FDD9240048A5A5 /* SceneDelegate.swift in Sources */ = {isa = PBXBuildFile; fileRef = 33516AB225FDD9240048A5A5 /* SceneDelegate.swift */; };
		33516ABA25FDD9250048A5A5 /* Assets.xcassets in Resources */ = {isa = PBXBuildFile; fileRef = 33516AB925FDD9250048A5A5 /* Assets.xcassets */; };
		33516ABD25FDD9250048A5A5 /* LaunchScreen.storyboard in Resources */ = {isa = PBXBuildFile; fileRef = 33516ABB25FDD9250048A5A5 /* LaunchScreen.storyboard */; };
		33516AC825FDD9250048A5A5 /* AHSTests.swift in Sources */ = {isa = PBXBuildFile; fileRef = 33516AC725FDD9250048A5A5 /* AHSTests.swift */; };
		33516AD325FDD9250048A5A5 /* AHSUITests.swift in Sources */ = {isa = PBXBuildFile; fileRef = 33516AD225FDD9250048A5A5 /* AHSUITests.swift */; };
		33516AE925FDDAF30048A5A5 /* Icon in Resources */ = {isa = PBXBuildFile; fileRef = 33516AE725FDDAF30048A5A5 /* Icon */; };
		33516AEA25FDDAF30048A5A5 /* Icon in Resources */ = {isa = PBXBuildFile; fileRef = 33516AE725FDDAF30048A5A5 /* Icon */; };
		33516AEB25FDDAF30048A5A5 /* Icon in Resources */ = {isa = PBXBuildFile; fileRef = 33516AE725FDDAF30048A5A5 /* Icon */; };
		33516AEC25FDDAF30048A5A5 /* Fonts in Resources */ = {isa = PBXBuildFile; fileRef = 33516AE825FDDAF30048A5A5 /* Fonts */; };
		33516AED25FDDAF30048A5A5 /* Fonts in Resources */ = {isa = PBXBuildFile; fileRef = 33516AE825FDDAF30048A5A5 /* Fonts */; };
		33516AEE25FDDAF30048A5A5 /* Fonts in Resources */ = {isa = PBXBuildFile; fileRef = 33516AE825FDDAF30048A5A5 /* Fonts */; };
		33516B1D25FDE5820048A5A5 /* navigationViewController.swift in Sources */ = {isa = PBXBuildFile; fileRef = 33516B1C25FDE5820048A5A5 /* navigationViewController.swift */; };
		33516B1E25FDE5820048A5A5 /* navigationViewController.swift in Sources */ = {isa = PBXBuildFile; fileRef = 33516B1C25FDE5820048A5A5 /* navigationViewController.swift */; };
		33516B1F25FDE5820048A5A5 /* navigationViewController.swift in Sources */ = {isa = PBXBuildFile; fileRef = 33516B1C25FDE5820048A5A5 /* navigationViewController.swift */; };
		33516B2425FDE62F0048A5A5 /* AppUtility.swift in Sources */ = {isa = PBXBuildFile; fileRef = 33516B2325FDE62F0048A5A5 /* AppUtility.swift */; };
		33516B2525FDE62F0048A5A5 /* AppUtility.swift in Sources */ = {isa = PBXBuildFile; fileRef = 33516B2325FDE62F0048A5A5 /* AppUtility.swift */; };
		33516B2625FDE62F0048A5A5 /* AppUtility.swift in Sources */ = {isa = PBXBuildFile; fileRef = 33516B2325FDE62F0048A5A5 /* AppUtility.swift */; };
		337701EF25FEED4100DB4A71 /* Miscellaneous.swift in Sources */ = {isa = PBXBuildFile; fileRef = 337701EE25FEED4100DB4A71 /* Miscellaneous.swift */; };
		337701F825FF031100DB4A71 /* Extensions.swift in Sources */ = {isa = PBXBuildFile; fileRef = 337701F725FF031100DB4A71 /* Extensions.swift */; };
		3377020025FF08FB00DB4A71 /* homePage.swift in Sources */ = {isa = PBXBuildFile; fileRef = 337701FF25FF08FB00DB4A71 /* homePage.swift */; };
		3377020525FF090500DB4A71 /* bulletinPage.swift in Sources */ = {isa = PBXBuildFile; fileRef = 3377020425FF090500DB4A71 /* bulletinPage.swift */; };
		3377020A25FF090E00DB4A71 /* savedPage.swift in Sources */ = {isa = PBXBuildFile; fileRef = 3377020925FF090E00DB4A71 /* savedPage.swift */; };
		3377020F25FF091600DB4A71 /* profilePage.swift in Sources */ = {isa = PBXBuildFile; fileRef = 3377020E25FF091600DB4A71 /* profilePage.swift */; };
/* End PBXBuildFile section */

/* Begin PBXContainerItemProxy section */
		33516AC425FDD9250048A5A5 /* PBXContainerItemProxy */ = {
			isa = PBXContainerItemProxy;
			containerPortal = 33516AA525FDD9240048A5A5 /* Project object */;
			proxyType = 1;
			remoteGlobalIDString = 33516AAC25FDD9240048A5A5;
			remoteInfo = AHS;
		};
		33516ACF25FDD9250048A5A5 /* PBXContainerItemProxy */ = {
			isa = PBXContainerItemProxy;
			containerPortal = 33516AA525FDD9240048A5A5 /* Project object */;
			proxyType = 1;
			remoteGlobalIDString = 33516AAC25FDD9240048A5A5;
			remoteInfo = AHS;
		};
/* End PBXContainerItemProxy section */

/* Begin PBXFileReference section */
		33516AAD25FDD9240048A5A5 /* AHS.app */ = {isa = PBXFileReference; explicitFileType = wrapper.application; includeInIndex = 0; path = AHS.app; sourceTree = BUILT_PRODUCTS_DIR; };
		33516AB025FDD9240048A5A5 /* AppDelegate.swift */ = {isa = PBXFileReference; lastKnownFileType = sourcecode.swift; path = AppDelegate.swift; sourceTree = "<group>"; };
		33516AB225FDD9240048A5A5 /* SceneDelegate.swift */ = {isa = PBXFileReference; lastKnownFileType = sourcecode.swift; path = SceneDelegate.swift; sourceTree = "<group>"; };
		33516AB925FDD9250048A5A5 /* Assets.xcassets */ = {isa = PBXFileReference; lastKnownFileType = folder.assetcatalog; path = Assets.xcassets; sourceTree = "<group>"; };
		33516ABC25FDD9250048A5A5 /* Base */ = {isa = PBXFileReference; lastKnownFileType = file.storyboard; name = Base; path = Base.lproj/LaunchScreen.storyboard; sourceTree = "<group>"; };
		33516ABE25FDD9250048A5A5 /* Info.plist */ = {isa = PBXFileReference; lastKnownFileType = text.plist.xml; path = Info.plist; sourceTree = "<group>"; };
		33516AC325FDD9250048A5A5 /* AHSTests.xctest */ = {isa = PBXFileReference; explicitFileType = wrapper.cfbundle; includeInIndex = 0; path = AHSTests.xctest; sourceTree = BUILT_PRODUCTS_DIR; };
		33516AC725FDD9250048A5A5 /* AHSTests.swift */ = {isa = PBXFileReference; lastKnownFileType = sourcecode.swift; path = AHSTests.swift; sourceTree = "<group>"; };
		33516AC925FDD9250048A5A5 /* Info.plist */ = {isa = PBXFileReference; lastKnownFileType = text.plist.xml; path = Info.plist; sourceTree = "<group>"; };
		33516ACE25FDD9250048A5A5 /* AHSUITests.xctest */ = {isa = PBXFileReference; explicitFileType = wrapper.cfbundle; includeInIndex = 0; path = AHSUITests.xctest; sourceTree = BUILT_PRODUCTS_DIR; };
		33516AD225FDD9250048A5A5 /* AHSUITests.swift */ = {isa = PBXFileReference; lastKnownFileType = sourcecode.swift; path = AHSUITests.swift; sourceTree = "<group>"; };
		33516AD425FDD9250048A5A5 /* Info.plist */ = {isa = PBXFileReference; lastKnownFileType = text.plist.xml; path = Info.plist; sourceTree = "<group>"; };
		33516AE725FDDAF30048A5A5 /* Icon */ = {isa = PBXFileReference; lastKnownFileType = folder; path = Icon; sourceTree = "<group>"; };
		33516AE825FDDAF30048A5A5 /* Fonts */ = {isa = PBXFileReference; lastKnownFileType = folder; path = Fonts; sourceTree = "<group>"; };
		33516B1C25FDE5820048A5A5 /* navigationViewController.swift */ = {isa = PBXFileReference; lastKnownFileType = sourcecode.swift; path = navigationViewController.swift; sourceTree = "<group>"; };
		33516B2325FDE62F0048A5A5 /* AppUtility.swift */ = {isa = PBXFileReference; lastKnownFileType = sourcecode.swift; path = AppUtility.swift; sourceTree = "<group>"; };
		337701EE25FEED4100DB4A71 /* Miscellaneous.swift */ = {isa = PBXFileReference; lastKnownFileType = sourcecode.swift; path = Miscellaneous.swift; sourceTree = "<group>"; };
		337701F725FF031100DB4A71 /* Extensions.swift */ = {isa = PBXFileReference; lastKnownFileType = sourcecode.swift; path = Extensions.swift; sourceTree = "<group>"; };
		337701FF25FF08FB00DB4A71 /* homePage.swift */ = {isa = PBXFileReference; lastKnownFileType = sourcecode.swift; path = homePage.swift; sourceTree = "<group>"; };
		3377020425FF090500DB4A71 /* bulletinPage.swift */ = {isa = PBXFileReference; lastKnownFileType = sourcecode.swift; path = bulletinPage.swift; sourceTree = "<group>"; };
		3377020925FF090E00DB4A71 /* savedPage.swift */ = {isa = PBXFileReference; lastKnownFileType = sourcecode.swift; path = savedPage.swift; sourceTree = "<group>"; };
		3377020E25FF091600DB4A71 /* profilePage.swift */ = {isa = PBXFileReference; lastKnownFileType = sourcecode.swift; path = profilePage.swift; sourceTree = "<group>"; };
/* End PBXFileReference section */

/* Begin PBXFrameworksBuildPhase section */
		33516AAA25FDD9240048A5A5 /* Frameworks */ = {
			isa = PBXFrameworksBuildPhase;
			buildActionMask = 2147483647;
			files = (
			);
			runOnlyForDeploymentPostprocessing = 0;
		};
		33516AC025FDD9250048A5A5 /* Frameworks */ = {
			isa = PBXFrameworksBuildPhase;
			buildActionMask = 2147483647;
			files = (
			);
			runOnlyForDeploymentPostprocessing = 0;
		};
		33516ACB25FDD9250048A5A5 /* Frameworks */ = {
			isa = PBXFrameworksBuildPhase;
			buildActionMask = 2147483647;
			files = (
			);
			runOnlyForDeploymentPostprocessing = 0;
		};
/* End PBXFrameworksBuildPhase section */

/* Begin PBXGroup section */
		33516AA425FDD9240048A5A5 = {
			isa = PBXGroup;
			children = (
				33516AAF25FDD9240048A5A5 /* AHS */,
				33516AC625FDD9250048A5A5 /* AHSTests */,
				33516AD125FDD9250048A5A5 /* AHSUITests */,
				33516AAE25FDD9240048A5A5 /* Products */,
			);
			sourceTree = "<group>";
		};
		33516AAE25FDD9240048A5A5 /* Products */ = {
			isa = PBXGroup;
			children = (
				33516AAD25FDD9240048A5A5 /* AHS.app */,
				33516AC325FDD9250048A5A5 /* AHSTests.xctest */,
				33516ACE25FDD9250048A5A5 /* AHSUITests.xctest */,
			);
			name = Products;
			sourceTree = "<group>";
		};
		33516AAF25FDD9240048A5A5 /* AHS */ = {
			isa = PBXGroup;
			children = (
				33516ABE25FDD9250048A5A5 /* Info.plist */,
				33516AB025FDD9240048A5A5 /* AppDelegate.swift */,
				33516B2325FDE62F0048A5A5 /* AppUtility.swift */,
				33516AB225FDD9240048A5A5 /* SceneDelegate.swift */,
				337701F625FF030100DB4A71 /* Misc */,
				33516AFD25FDDE760048A5A5 /* Backend */,
				33516AFC25FDDE6D0048A5A5 /* UI */,
				33516AFE25FDDE8E0048A5A5 /* Storyboards */,
				33516AE625FDDA2E0048A5A5 /* Assets */,
				33516AB925FDD9250048A5A5 /* Assets.xcassets */,
			);
			path = AHS;
			sourceTree = "<group>";
		};
		33516AC625FDD9250048A5A5 /* AHSTests */ = {
			isa = PBXGroup;
			children = (
				33516AC725FDD9250048A5A5 /* AHSTests.swift */,
				33516AC925FDD9250048A5A5 /* Info.plist */,
			);
			path = AHSTests;
			sourceTree = "<group>";
		};
		33516AD125FDD9250048A5A5 /* AHSUITests */ = {
			isa = PBXGroup;
			children = (
				33516AD225FDD9250048A5A5 /* AHSUITests.swift */,
				33516AD425FDD9250048A5A5 /* Info.plist */,
			);
			path = AHSUITests;
			sourceTree = "<group>";
		};
		33516AE625FDDA2E0048A5A5 /* Assets */ = {
			isa = PBXGroup;
			children = (
				33516AE825FDDAF30048A5A5 /* Fonts */,
				33516AE725FDDAF30048A5A5 /* Icon */,
			);
			path = Assets;
			sourceTree = "<group>";
		};
		33516AFC25FDDE6D0048A5A5 /* UI */ = {
			isa = PBXGroup;
			children = (
				33516B1C25FDE5820048A5A5 /* navigationViewController.swift */,
				337701FF25FF08FB00DB4A71 /* homePage.swift */,
				3377020425FF090500DB4A71 /* bulletinPage.swift */,
				3377020925FF090E00DB4A71 /* savedPage.swift */,
				3377020E25FF091600DB4A71 /* profilePage.swift */,
			);
			path = UI;
			sourceTree = "<group>";
		};
		33516AFD25FDDE760048A5A5 /* Backend */ = {
			isa = PBXGroup;
			children = (
			);
			path = Backend;
			sourceTree = "<group>";
		};
		33516AFE25FDDE8E0048A5A5 /* Storyboards */ = {
			isa = PBXGroup;
			children = (
				33516ABB25FDD9250048A5A5 /* LaunchScreen.storyboard */,
			);
			path = Storyboards;
			sourceTree = "<group>";
		};
		337701F625FF030100DB4A71 /* Misc */ = {
			isa = PBXGroup;
			children = (
				337701EE25FEED4100DB4A71 /* Miscellaneous.swift */,
				337701F725FF031100DB4A71 /* Extensions.swift */,
			);
			path = Misc;
			sourceTree = "<group>";
		};
/* End PBXGroup section */

/* Begin PBXNativeTarget section */
		33516AAC25FDD9240048A5A5 /* AHS */ = {
			isa = PBXNativeTarget;
			buildConfigurationList = 33516AD725FDD9250048A5A5 /* Build configuration list for PBXNativeTarget "AHS" */;
			buildPhases = (
				33516AA925FDD9240048A5A5 /* Sources */,
				33516AAA25FDD9240048A5A5 /* Frameworks */,
				33516AAB25FDD9240048A5A5 /* Resources */,
			);
			buildRules = (
			);
			dependencies = (
			);
			name = AHS;
			productName = AHS;
			productReference = 33516AAD25FDD9240048A5A5 /* AHS.app */;
			productType = "com.apple.product-type.application";
		};
		33516AC225FDD9250048A5A5 /* AHSTests */ = {
			isa = PBXNativeTarget;
			buildConfigurationList = 33516ADA25FDD9250048A5A5 /* Build configuration list for PBXNativeTarget "AHSTests" */;
			buildPhases = (
				33516ABF25FDD9250048A5A5 /* Sources */,
				33516AC025FDD9250048A5A5 /* Frameworks */,
				33516AC125FDD9250048A5A5 /* Resources */,
			);
			buildRules = (
			);
			dependencies = (
				33516AC525FDD9250048A5A5 /* PBXTargetDependency */,
			);
			name = AHSTests;
			productName = AHSTests;
			productReference = 33516AC325FDD9250048A5A5 /* AHSTests.xctest */;
			productType = "com.apple.product-type.bundle.unit-test";
		};
		33516ACD25FDD9250048A5A5 /* AHSUITests */ = {
			isa = PBXNativeTarget;
			buildConfigurationList = 33516ADD25FDD9250048A5A5 /* Build configuration list for PBXNativeTarget "AHSUITests" */;
			buildPhases = (
				33516ACA25FDD9250048A5A5 /* Sources */,
				33516ACB25FDD9250048A5A5 /* Frameworks */,
				33516ACC25FDD9250048A5A5 /* Resources */,
			);
			buildRules = (
			);
			dependencies = (
				33516AD025FDD9250048A5A5 /* PBXTargetDependency */,
			);
			name = AHSUITests;
			productName = AHSUITests;
			productReference = 33516ACE25FDD9250048A5A5 /* AHSUITests.xctest */;
			productType = "com.apple.product-type.bundle.ui-testing";
		};
/* End PBXNativeTarget section */

/* Begin PBXProject section */
		33516AA525FDD9240048A5A5 /* Project object */ = {
			isa = PBXProject;
			attributes = {
				LastSwiftUpdateCheck = 1240;
				LastUpgradeCheck = 1240;
				TargetAttributes = {
					33516AAC25FDD9240048A5A5 = {
						CreatedOnToolsVersion = 12.4;
					};
					33516AC225FDD9250048A5A5 = {
						CreatedOnToolsVersion = 12.4;
						TestTargetID = 33516AAC25FDD9240048A5A5;
					};
					33516ACD25FDD9250048A5A5 = {
						CreatedOnToolsVersion = 12.4;
						TestTargetID = 33516AAC25FDD9240048A5A5;
					};
				};
			};
			buildConfigurationList = 33516AA825FDD9240048A5A5 /* Build configuration list for PBXProject "AHS" */;
			compatibilityVersion = "Xcode 9.3";
			developmentRegion = en;
			hasScannedForEncodings = 0;
			knownRegions = (
				en,
				Base,
			);
			mainGroup = 33516AA425FDD9240048A5A5;
			productRefGroup = 33516AAE25FDD9240048A5A5 /* Products */;
			projectDirPath = "";
			projectRoot = "";
			targets = (
				33516AAC25FDD9240048A5A5 /* AHS */,
				33516AC225FDD9250048A5A5 /* AHSTests */,
				33516ACD25FDD9250048A5A5 /* AHSUITests */,
			);
		};
/* End PBXProject section */

/* Begin PBXResourcesBuildPhase section */
		33516AAB25FDD9240048A5A5 /* Resources */ = {
			isa = PBXResourcesBuildPhase;
			buildActionMask = 2147483647;
			files = (
				33516AEC25FDDAF30048A5A5 /* Fonts in Resources */,
				33516ABD25FDD9250048A5A5 /* LaunchScreen.storyboard in Resources */,
				33516AE925FDDAF30048A5A5 /* Icon in Resources */,
				33516ABA25FDD9250048A5A5 /* Assets.xcassets in Resources */,
			);
			runOnlyForDeploymentPostprocessing = 0;
		};
		33516AC125FDD9250048A5A5 /* Resources */ = {
			isa = PBXResourcesBuildPhase;
			buildActionMask = 2147483647;
			files = (
				33516AEA25FDDAF30048A5A5 /* Icon in Resources */,
				33516AED25FDDAF30048A5A5 /* Fonts in Resources */,
			);
			runOnlyForDeploymentPostprocessing = 0;
		};
		33516ACC25FDD9250048A5A5 /* Resources */ = {
			isa = PBXResourcesBuildPhase;
			buildActionMask = 2147483647;
			files = (
				33516AEB25FDDAF30048A5A5 /* Icon in Resources */,
				33516AEE25FDDAF30048A5A5 /* Fonts in Resources */,
			);
			runOnlyForDeploymentPostprocessing = 0;
		};
/* End PBXResourcesBuildPhase section */

/* Begin PBXSourcesBuildPhase section */
		33516AA925FDD9240048A5A5 /* Sources */ = {
			isa = PBXSourcesBuildPhase;
			buildActionMask = 2147483647;
			files = (
				33516B2425FDE62F0048A5A5 /* AppUtility.swift in Sources */,
				3377020525FF090500DB4A71 /* bulletinPage.swift in Sources */,
				3377020F25FF091600DB4A71 /* profilePage.swift in Sources */,
				337701F825FF031100DB4A71 /* Extensions.swift in Sources */,
				337701EF25FEED4100DB4A71 /* Miscellaneous.swift in Sources */,
				3377020A25FF090E00DB4A71 /* savedPage.swift in Sources */,
				33516AB125FDD9240048A5A5 /* AppDelegate.swift in Sources */,
				33516AB325FDD9240048A5A5 /* SceneDelegate.swift in Sources */,
				33516B1D25FDE5820048A5A5 /* navigationViewController.swift in Sources */,
				3377020025FF08FB00DB4A71 /* homePage.swift in Sources */,
			);
			runOnlyForDeploymentPostprocessing = 0;
		};
		33516ABF25FDD9250048A5A5 /* Sources */ = {
			isa = PBXSourcesBuildPhase;
			buildActionMask = 2147483647;
			files = (
				33516B1E25FDE5820048A5A5 /* navigationViewController.swift in Sources */,
				33516AC825FDD9250048A5A5 /* AHSTests.swift in Sources */,
				33516B2525FDE62F0048A5A5 /* AppUtility.swift in Sources */,
			);
			runOnlyForDeploymentPostprocessing = 0;
		};
		33516ACA25FDD9250048A5A5 /* Sources */ = {
			isa = PBXSourcesBuildPhase;
			buildActionMask = 2147483647;
			files = (
				33516B1F25FDE5820048A5A5 /* navigationViewController.swift in Sources */,
				33516AD325FDD9250048A5A5 /* AHSUITests.swift in Sources */,
				33516B2625FDE62F0048A5A5 /* AppUtility.swift in Sources */,
			);
			runOnlyForDeploymentPostprocessing = 0;
		};
/* End PBXSourcesBuildPhase section */

/* Begin PBXTargetDependency section */
		33516AC525FDD9250048A5A5 /* PBXTargetDependency */ = {
			isa = PBXTargetDependency;
			target = 33516AAC25FDD9240048A5A5 /* AHS */;
			targetProxy = 33516AC425FDD9250048A5A5 /* PBXContainerItemProxy */;
		};
		33516AD025FDD9250048A5A5 /* PBXTargetDependency */ = {
			isa = PBXTargetDependency;
			target = 33516AAC25FDD9240048A5A5 /* AHS */;
			targetProxy = 33516ACF25FDD9250048A5A5 /* PBXContainerItemProxy */;
		};
/* End PBXTargetDependency section */

/* Begin PBXVariantGroup section */
		33516ABB25FDD9250048A5A5 /* LaunchScreen.storyboard */ = {
			isa = PBXVariantGroup;
			children = (
				33516ABC25FDD9250048A5A5 /* Base */,
			);
			name = LaunchScreen.storyboard;
			sourceTree = "<group>";
		};
/* End PBXVariantGroup section */

/* Begin XCBuildConfiguration section */
		33516AD525FDD9250048A5A5 /* Debug */ = {
			isa = XCBuildConfiguration;
			buildSettings = {
				ALWAYS_SEARCH_USER_PATHS = NO;
				CLANG_ANALYZER_NONNULL = YES;
				CLANG_ANALYZER_NUMBER_OBJECT_CONVERSION = YES_AGGRESSIVE;
				CLANG_CXX_LANGUAGE_STANDARD = "gnu++14";
				CLANG_CXX_LIBRARY = "libc++";
				CLANG_ENABLE_MODULES = YES;
				CLANG_ENABLE_OBJC_ARC = YES;
				CLANG_ENABLE_OBJC_WEAK = YES;
				CLANG_WARN_BLOCK_CAPTURE_AUTORELEASING = YES;
				CLANG_WARN_BOOL_CONVERSION = YES;
				CLANG_WARN_COMMA = YES;
				CLANG_WARN_CONSTANT_CONVERSION = YES;
				CLANG_WARN_DEPRECATED_OBJC_IMPLEMENTATIONS = YES;
				CLANG_WARN_DIRECT_OBJC_ISA_USAGE = YES_ERROR;
				CLANG_WARN_DOCUMENTATION_COMMENTS = YES;
				CLANG_WARN_EMPTY_BODY = YES;
				CLANG_WARN_ENUM_CONVERSION = YES;
				CLANG_WARN_INFINITE_RECURSION = YES;
				CLANG_WARN_INT_CONVERSION = YES;
				CLANG_WARN_NON_LITERAL_NULL_CONVERSION = YES;
				CLANG_WARN_OBJC_IMPLICIT_RETAIN_SELF = YES;
				CLANG_WARN_OBJC_LITERAL_CONVERSION = YES;
				CLANG_WARN_OBJC_ROOT_CLASS = YES_ERROR;
				CLANG_WARN_QUOTED_INCLUDE_IN_FRAMEWORK_HEADER = YES;
				CLANG_WARN_RANGE_LOOP_ANALYSIS = YES;
				CLANG_WARN_STRICT_PROTOTYPES = YES;
				CLANG_WARN_SUSPICIOUS_MOVE = YES;
				CLANG_WARN_UNGUARDED_AVAILABILITY = YES_AGGRESSIVE;
				CLANG_WARN_UNREACHABLE_CODE = YES;
				CLANG_WARN__DUPLICATE_METHOD_MATCH = YES;
				COPY_PHASE_STRIP = NO;
				DEBUG_INFORMATION_FORMAT = dwarf;
				ENABLE_STRICT_OBJC_MSGSEND = YES;
				ENABLE_TESTABILITY = YES;
				GCC_C_LANGUAGE_STANDARD = gnu11;
				GCC_DYNAMIC_NO_PIC = NO;
				GCC_NO_COMMON_BLOCKS = YES;
				GCC_OPTIMIZATION_LEVEL = 0;
				GCC_PREPROCESSOR_DEFINITIONS = (
					"DEBUG=1",
					"$(inherited)",
				);
				GCC_WARN_64_TO_32_BIT_CONVERSION = YES;
				GCC_WARN_ABOUT_RETURN_TYPE = YES_ERROR;
				GCC_WARN_UNDECLARED_SELECTOR = YES;
				GCC_WARN_UNINITIALIZED_AUTOS = YES_AGGRESSIVE;
				GCC_WARN_UNUSED_FUNCTION = YES;
				GCC_WARN_UNUSED_VARIABLE = YES;
				IPHONEOS_DEPLOYMENT_TARGET = 14.4;
				MTL_ENABLE_DEBUG_INFO = INCLUDE_SOURCE;
				MTL_FAST_MATH = YES;
				ONLY_ACTIVE_ARCH = YES;
				SDKROOT = iphoneos;
				SWIFT_ACTIVE_COMPILATION_CONDITIONS = DEBUG;
				SWIFT_OPTIMIZATION_LEVEL = "-Onone";
			};
			name = Debug;
		};
		33516AD625FDD9250048A5A5 /* Release */ = {
			isa = XCBuildConfiguration;
			buildSettings = {
				ALWAYS_SEARCH_USER_PATHS = NO;
				CLANG_ANALYZER_NONNULL = YES;
				CLANG_ANALYZER_NUMBER_OBJECT_CONVERSION = YES_AGGRESSIVE;
				CLANG_CXX_LANGUAGE_STANDARD = "gnu++14";
				CLANG_CXX_LIBRARY = "libc++";
				CLANG_ENABLE_MODULES = YES;
				CLANG_ENABLE_OBJC_ARC = YES;
				CLANG_ENABLE_OBJC_WEAK = YES;
				CLANG_WARN_BLOCK_CAPTURE_AUTORELEASING = YES;
				CLANG_WARN_BOOL_CONVERSION = YES;
				CLANG_WARN_COMMA = YES;
				CLANG_WARN_CONSTANT_CONVERSION = YES;
				CLANG_WARN_DEPRECATED_OBJC_IMPLEMENTATIONS = YES;
				CLANG_WARN_DIRECT_OBJC_ISA_USAGE = YES_ERROR;
				CLANG_WARN_DOCUMENTATION_COMMENTS = YES;
				CLANG_WARN_EMPTY_BODY = YES;
				CLANG_WARN_ENUM_CONVERSION = YES;
				CLANG_WARN_INFINITE_RECURSION = YES;
				CLANG_WARN_INT_CONVERSION = YES;
				CLANG_WARN_NON_LITERAL_NULL_CONVERSION = YES;
				CLANG_WARN_OBJC_IMPLICIT_RETAIN_SELF = YES;
				CLANG_WARN_OBJC_LITERAL_CONVERSION = YES;
				CLANG_WARN_OBJC_ROOT_CLASS = YES_ERROR;
				CLANG_WARN_QUOTED_INCLUDE_IN_FRAMEWORK_HEADER = YES;
				CLANG_WARN_RANGE_LOOP_ANALYSIS = YES;
				CLANG_WARN_STRICT_PROTOTYPES = YES;
				CLANG_WARN_SUSPICIOUS_MOVE = YES;
				CLANG_WARN_UNGUARDED_AVAILABILITY = YES_AGGRESSIVE;
				CLANG_WARN_UNREACHABLE_CODE = YES;
				CLANG_WARN__DUPLICATE_METHOD_MATCH = YES;
				COPY_PHASE_STRIP = NO;
				DEBUG_INFORMATION_FORMAT = "dwarf-with-dsym";
				ENABLE_NS_ASSERTIONS = NO;
				ENABLE_STRICT_OBJC_MSGSEND = YES;
				GCC_C_LANGUAGE_STANDARD = gnu11;
				GCC_NO_COMMON_BLOCKS = YES;
				GCC_WARN_64_TO_32_BIT_CONVERSION = YES;
				GCC_WARN_ABOUT_RETURN_TYPE = YES_ERROR;
				GCC_WARN_UNDECLARED_SELECTOR = YES;
				GCC_WARN_UNINITIALIZED_AUTOS = YES_AGGRESSIVE;
				GCC_WARN_UNUSED_FUNCTION = YES;
				GCC_WARN_UNUSED_VARIABLE = YES;
				IPHONEOS_DEPLOYMENT_TARGET = 14.4;
				MTL_ENABLE_DEBUG_INFO = NO;
				MTL_FAST_MATH = YES;
				SDKROOT = iphoneos;
				SWIFT_COMPILATION_MODE = wholemodule;
				SWIFT_OPTIMIZATION_LEVEL = "-O";
				VALIDATE_PRODUCT = YES;
			};
			name = Release;
		};
		33516AD825FDD9250048A5A5 /* Debug */ = {
			isa = XCBuildConfiguration;
			buildSettings = {
				ASSETCATALOG_COMPILER_APPICON_NAME = AppIcon;
				ASSETCATALOG_COMPILER_GLOBAL_ACCENT_COLOR_NAME = AccentColor;
				CODE_SIGN_STYLE = Automatic;
				DEVELOPMENT_TEAM = P5E4JP96ES;
				INFOPLIST_FILE = AHS/Info.plist;
				LD_RUNPATH_SEARCH_PATHS = (
					"$(inherited)",
					"@executable_path/Frameworks",
				);
				PRODUCT_BUNDLE_IDENTIFIER = com.ArcadiaApaches.ArcadiaHighSchoolApp;
				PRODUCT_NAME = "$(TARGET_NAME)";
				SWIFT_VERSION = 5.0;
				TARGETED_DEVICE_FAMILY = "1,2";
			};
			name = Debug;
		};
		33516AD925FDD9250048A5A5 /* Release */ = {
			isa = XCBuildConfiguration;
			buildSettings = {
				ASSETCATALOG_COMPILER_APPICON_NAME = AppIcon;
				ASSETCATALOG_COMPILER_GLOBAL_ACCENT_COLOR_NAME = AccentColor;
				CODE_SIGN_STYLE = Automatic;
				DEVELOPMENT_TEAM = P5E4JP96ES;
				INFOPLIST_FILE = AHS/Info.plist;
				LD_RUNPATH_SEARCH_PATHS = (
					"$(inherited)",
					"@executable_path/Frameworks",
				);
				PRODUCT_BUNDLE_IDENTIFIER = com.ArcadiaApaches.ArcadiaHighSchoolApp;
				PRODUCT_NAME = "$(TARGET_NAME)";
				SWIFT_VERSION = 5.0;
				TARGETED_DEVICE_FAMILY = "1,2";
			};
			name = Release;
		};
		33516ADB25FDD9250048A5A5 /* Debug */ = {
			isa = XCBuildConfiguration;
			buildSettings = {
				ALWAYS_EMBED_SWIFT_STANDARD_LIBRARIES = YES;
				BUNDLE_LOADER = "$(TEST_HOST)";
				CODE_SIGN_STYLE = Automatic;
				DEVELOPMENT_TEAM = P5E4JP96ES;
				INFOPLIST_FILE = AHSTests/Info.plist;
				IPHONEOS_DEPLOYMENT_TARGET = 14.4;
				LD_RUNPATH_SEARCH_PATHS = (
					"$(inherited)",
					"@executable_path/Frameworks",
					"@loader_path/Frameworks",
				);
				PRODUCT_BUNDLE_IDENTIFIER = com.ArcadiaApaches.AHSTests;
				PRODUCT_NAME = "$(TARGET_NAME)";
				SWIFT_VERSION = 5.0;
				TARGETED_DEVICE_FAMILY = "1,2";
				TEST_HOST = "$(BUILT_PRODUCTS_DIR)/AHS.app/AHS";
			};
			name = Debug;
		};
		33516ADC25FDD9250048A5A5 /* Release */ = {
			isa = XCBuildConfiguration;
			buildSettings = {
				ALWAYS_EMBED_SWIFT_STANDARD_LIBRARIES = YES;
				BUNDLE_LOADER = "$(TEST_HOST)";
				CODE_SIGN_STYLE = Automatic;
				DEVELOPMENT_TEAM = P5E4JP96ES;
				INFOPLIST_FILE = AHSTests/Info.plist;
				IPHONEOS_DEPLOYMENT_TARGET = 14.4;
				LD_RUNPATH_SEARCH_PATHS = (
					"$(inherited)",
					"@executable_path/Frameworks",
					"@loader_path/Frameworks",
				);
				PRODUCT_BUNDLE_IDENTIFIER = com.ArcadiaApaches.AHSTests;
				PRODUCT_NAME = "$(TARGET_NAME)";
				SWIFT_VERSION = 5.0;
				TARGETED_DEVICE_FAMILY = "1,2";
				TEST_HOST = "$(BUILT_PRODUCTS_DIR)/AHS.app/AHS";
			};
			name = Release;
		};
		33516ADE25FDD9250048A5A5 /* Debug */ = {
			isa = XCBuildConfiguration;
			buildSettings = {
				ALWAYS_EMBED_SWIFT_STANDARD_LIBRARIES = YES;
				CODE_SIGN_STYLE = Automatic;
				DEVELOPMENT_TEAM = P5E4JP96ES;
				INFOPLIST_FILE = AHSUITests/Info.plist;
				LD_RUNPATH_SEARCH_PATHS = (
					"$(inherited)",
					"@executable_path/Frameworks",
					"@loader_path/Frameworks",
				);
				PRODUCT_BUNDLE_IDENTIFIER = com.ArcadiaApaches.AHSUITests;
				PRODUCT_NAME = "$(TARGET_NAME)";
				SWIFT_VERSION = 5.0;
				TARGETED_DEVICE_FAMILY = "1,2";
				TEST_TARGET_NAME = AHS;
			};
			name = Debug;
		};
		33516ADF25FDD9250048A5A5 /* Release */ = {
			isa = XCBuildConfiguration;
			buildSettings = {
				ALWAYS_EMBED_SWIFT_STANDARD_LIBRARIES = YES;
				CODE_SIGN_STYLE = Automatic;
				DEVELOPMENT_TEAM = P5E4JP96ES;
				INFOPLIST_FILE = AHSUITests/Info.plist;
				LD_RUNPATH_SEARCH_PATHS = (
					"$(inherited)",
					"@executable_path/Frameworks",
					"@loader_path/Frameworks",
				);
				PRODUCT_BUNDLE_IDENTIFIER = com.ArcadiaApaches.AHSUITests;
				PRODUCT_NAME = "$(TARGET_NAME)";
				SWIFT_VERSION = 5.0;
				TARGETED_DEVICE_FAMILY = "1,2";
				TEST_TARGET_NAME = AHS;
			};
			name = Release;
		};
/* End XCBuildConfiguration section */

/* Begin XCConfigurationList section */
		33516AA825FDD9240048A5A5 /* Build configuration list for PBXProject "AHS" */ = {
			isa = XCConfigurationList;
			buildConfigurations = (
				33516AD525FDD9250048A5A5 /* Debug */,
				33516AD625FDD9250048A5A5 /* Release */,
			);
			defaultConfigurationIsVisible = 0;
			defaultConfigurationName = Release;
		};
		33516AD725FDD9250048A5A5 /* Build configuration list for PBXNativeTarget "AHS" */ = {
			isa = XCConfigurationList;
			buildConfigurations = (
				33516AD825FDD9250048A5A5 /* Debug */,
				33516AD925FDD9250048A5A5 /* Release */,
			);
			defaultConfigurationIsVisible = 0;
			defaultConfigurationName = Release;
		};
		33516ADA25FDD9250048A5A5 /* Build configuration list for PBXNativeTarget "AHSTests" */ = {
			isa = XCConfigurationList;
			buildConfigurations = (
				33516ADB25FDD9250048A5A5 /* Debug */,
				33516ADC25FDD9250048A5A5 /* Release */,
			);
			defaultConfigurationIsVisible = 0;
			defaultConfigurationName = Release;
		};
		33516ADD25FDD9250048A5A5 /* Build configuration list for PBXNativeTarget "AHSUITests" */ = {
			isa = XCConfigurationList;
			buildConfigurations = (
				33516ADE25FDD9250048A5A5 /* Debug */,
				33516ADF25FDD9250048A5A5 /* Release */,
			);
			defaultConfigurationIsVisible = 0;
			defaultConfigurationName = Release;
		};
/* End XCConfigurationList section */
	};
	rootObject = 33516AA525FDD9240048A5A5 /* Project object */;
}
