// !$*UTF8*$!
{
	archiveVersion = 1;
	classes = {
	};
	objectVersion = 50;
	objects = {

/* Begin PBXBuildFile section */
		15D068484C8BCB390DAA3174 /* Pods_AHS_AHSUITests.framework in Frameworks */ = {isa = PBXBuildFile; fileRef = 3B961B128591CCD48AD8BD64 /* Pods_AHS_AHSUITests.framework */; };
		333D4BAE26005362000EC057 /* navigationViewControllerActions.swift in Sources */ = {isa = PBXBuildFile; fileRef = 333D4BAD26005362000EC057 /* navigationViewControllerActions.swift */; };
		333D4BC326006101000EC057 /* SFProDisplay-Light.ttf in Resources */ = {isa = PBXBuildFile; fileRef = 333D4BBC26006100000EC057 /* SFProDisplay-Light.ttf */; };
		333D4BC426006101000EC057 /* SFProDisplay-Light.ttf in Resources */ = {isa = PBXBuildFile; fileRef = 333D4BBC26006100000EC057 /* SFProDisplay-Light.ttf */; };
		333D4BC526006101000EC057 /* SFProDisplay-Light.ttf in Resources */ = {isa = PBXBuildFile; fileRef = 333D4BBC26006100000EC057 /* SFProDisplay-Light.ttf */; };
		333D4BC626006101000EC057 /* NewYorkMedium-Bold.otf in Resources */ = {isa = PBXBuildFile; fileRef = 333D4BBD26006100000EC057 /* NewYorkMedium-Bold.otf */; };
		333D4BC726006101000EC057 /* NewYorkMedium-Bold.otf in Resources */ = {isa = PBXBuildFile; fileRef = 333D4BBD26006100000EC057 /* NewYorkMedium-Bold.otf */; };
		333D4BC826006101000EC057 /* NewYorkMedium-Bold.otf in Resources */ = {isa = PBXBuildFile; fileRef = 333D4BBD26006100000EC057 /* NewYorkMedium-Bold.otf */; };
		333D4BC926006101000EC057 /* NewYorkSmall-MediumItalic.otf in Resources */ = {isa = PBXBuildFile; fileRef = 333D4BBE26006100000EC057 /* NewYorkSmall-MediumItalic.otf */; };
		333D4BCA26006101000EC057 /* NewYorkSmall-MediumItalic.otf in Resources */ = {isa = PBXBuildFile; fileRef = 333D4BBE26006100000EC057 /* NewYorkSmall-MediumItalic.otf */; };
		333D4BCB26006101000EC057 /* NewYorkSmall-MediumItalic.otf in Resources */ = {isa = PBXBuildFile; fileRef = 333D4BBE26006100000EC057 /* NewYorkSmall-MediumItalic.otf */; };
		333D4BCC26006101000EC057 /* SFProDisplay-Bold.ttf in Resources */ = {isa = PBXBuildFile; fileRef = 333D4BBF26006100000EC057 /* SFProDisplay-Bold.ttf */; };
		333D4BCD26006101000EC057 /* SFProDisplay-Bold.ttf in Resources */ = {isa = PBXBuildFile; fileRef = 333D4BBF26006100000EC057 /* SFProDisplay-Bold.ttf */; };
		333D4BCE26006101000EC057 /* SFProDisplay-Bold.ttf in Resources */ = {isa = PBXBuildFile; fileRef = 333D4BBF26006100000EC057 /* SFProDisplay-Bold.ttf */; };
		333D4BCF26006101000EC057 /* SFProDisplay-Regular.ttf in Resources */ = {isa = PBXBuildFile; fileRef = 333D4BC026006100000EC057 /* SFProDisplay-Regular.ttf */; };
		333D4BD026006101000EC057 /* SFProDisplay-Regular.ttf in Resources */ = {isa = PBXBuildFile; fileRef = 333D4BC026006100000EC057 /* SFProDisplay-Regular.ttf */; };
		333D4BD126006101000EC057 /* SFProDisplay-Regular.ttf in Resources */ = {isa = PBXBuildFile; fileRef = 333D4BC026006100000EC057 /* SFProDisplay-Regular.ttf */; };
		333D4BD226006101000EC057 /* SFProDisplay-Black.ttf in Resources */ = {isa = PBXBuildFile; fileRef = 333D4BC126006101000EC057 /* SFProDisplay-Black.ttf */; };
		333D4BD326006101000EC057 /* SFProDisplay-Black.ttf in Resources */ = {isa = PBXBuildFile; fileRef = 333D4BC126006101000EC057 /* SFProDisplay-Black.ttf */; };
		333D4BD426006101000EC057 /* SFProDisplay-Black.ttf in Resources */ = {isa = PBXBuildFile; fileRef = 333D4BC126006101000EC057 /* SFProDisplay-Black.ttf */; };
		333D4BD526006101000EC057 /* SFProDisplay-Semibold.ttf in Resources */ = {isa = PBXBuildFile; fileRef = 333D4BC226006101000EC057 /* SFProDisplay-Semibold.ttf */; };
		333D4BD626006101000EC057 /* SFProDisplay-Semibold.ttf in Resources */ = {isa = PBXBuildFile; fileRef = 333D4BC226006101000EC057 /* SFProDisplay-Semibold.ttf */; };
		333D4BD726006101000EC057 /* SFProDisplay-Semibold.ttf in Resources */ = {isa = PBXBuildFile; fileRef = 333D4BC226006101000EC057 /* SFProDisplay-Semibold.ttf */; };
		333D4BDF26006154000EC057 /* SFProDisplay-Medium.ttf in Resources */ = {isa = PBXBuildFile; fileRef = 333D4BDE26006154000EC057 /* SFProDisplay-Medium.ttf */; };
		33516AB125FDD9240048A5A5 /* AppDelegate.swift in Sources */ = {isa = PBXBuildFile; fileRef = 33516AB025FDD9240048A5A5 /* AppDelegate.swift */; };
		33516AB325FDD9240048A5A5 /* SceneDelegate.swift in Sources */ = {isa = PBXBuildFile; fileRef = 33516AB225FDD9240048A5A5 /* SceneDelegate.swift */; };
		33516ABA25FDD9250048A5A5 /* Assets.xcassets in Resources */ = {isa = PBXBuildFile; fileRef = 33516AB925FDD9250048A5A5 /* Assets.xcassets */; };
		33516ABD25FDD9250048A5A5 /* LaunchScreen.storyboard in Resources */ = {isa = PBXBuildFile; fileRef = 33516ABB25FDD9250048A5A5 /* LaunchScreen.storyboard */; };
		33516AC825FDD9250048A5A5 /* AHSTests.swift in Sources */ = {isa = PBXBuildFile; fileRef = 33516AC725FDD9250048A5A5 /* AHSTests.swift */; };
		33516AD325FDD9250048A5A5 /* AHSUITests.swift in Sources */ = {isa = PBXBuildFile; fileRef = 33516AD225FDD9250048A5A5 /* AHSUITests.swift */; };
		33516AE925FDDAF30048A5A5 /* Icon in Resources */ = {isa = PBXBuildFile; fileRef = 33516AE725FDDAF30048A5A5 /* Icon */; };
		33516AEA25FDDAF30048A5A5 /* Icon in Resources */ = {isa = PBXBuildFile; fileRef = 33516AE725FDDAF30048A5A5 /* Icon */; };
		33516AEB25FDDAF30048A5A5 /* Icon in Resources */ = {isa = PBXBuildFile; fileRef = 33516AE725FDDAF30048A5A5 /* Icon */; };
		33516B1D25FDE5820048A5A5 /* navigationViewController.swift in Sources */ = {isa = PBXBuildFile; fileRef = 33516B1C25FDE5820048A5A5 /* navigationViewController.swift */; };
		33516B1E25FDE5820048A5A5 /* navigationViewController.swift in Sources */ = {isa = PBXBuildFile; fileRef = 33516B1C25FDE5820048A5A5 /* navigationViewController.swift */; };
		33516B1F25FDE5820048A5A5 /* navigationViewController.swift in Sources */ = {isa = PBXBuildFile; fileRef = 33516B1C25FDE5820048A5A5 /* navigationViewController.swift */; };
		33516B2425FDE62F0048A5A5 /* AppUtility.swift in Sources */ = {isa = PBXBuildFile; fileRef = 33516B2325FDE62F0048A5A5 /* AppUtility.swift */; };
		33516B2525FDE62F0048A5A5 /* AppUtility.swift in Sources */ = {isa = PBXBuildFile; fileRef = 33516B2325FDE62F0048A5A5 /* AppUtility.swift */; };
		33516B2625FDE62F0048A5A5 /* AppUtility.swift in Sources */ = {isa = PBXBuildFile; fileRef = 33516B2325FDE62F0048A5A5 /* AppUtility.swift */; };
		337701EF25FEED4100DB4A71 /* Miscellaneous.swift in Sources */ = {isa = PBXBuildFile; fileRef = 337701EE25FEED4100DB4A71 /* Miscellaneous.swift */; };
		337701F825FF031100DB4A71 /* Extensions.swift in Sources */ = {isa = PBXBuildFile; fileRef = 337701F725FF031100DB4A71 /* Extensions.swift */; };
		3377020025FF08FB00DB4A71 /* homePage.swift in Sources */ = {isa = PBXBuildFile; fileRef = 337701FF25FF08FB00DB4A71 /* homePage.swift */; };
		3377020525FF090500DB4A71 /* bulletinPage.swift in Sources */ = {isa = PBXBuildFile; fileRef = 3377020425FF090500DB4A71 /* bulletinPage.swift */; };
		3377020A25FF090E00DB4A71 /* savedPage.swift in Sources */ = {isa = PBXBuildFile; fileRef = 3377020925FF090E00DB4A71 /* savedPage.swift */; };
		3377020F25FF091600DB4A71 /* profilePage.swift in Sources */ = {isa = PBXBuildFile; fileRef = 3377020E25FF091600DB4A71 /* profilePage.swift */; };
		338F0D6A26030D9200D49800 /* timeManager.swift in Sources */ = {isa = PBXBuildFile; fileRef = 338F0D6926030D9200D49800 /* timeManager.swift */; };
		338F0D772603155200D49800 /* GoogleService-Info.plist in Resources */ = {isa = PBXBuildFile; fileRef = 338F0D762603155200D49800 /* GoogleService-Info.plist */; };
		93FA8C3A6469C340029F6466 /* Pods_AHS.framework in Frameworks */ = {isa = PBXBuildFile; fileRef = 044C24FFEFE1B8F83F1A023D /* Pods_AHS.framework */; };
		CAB683BD42CC231346D5E6EA /* Pods_AHSTests.framework in Frameworks */ = {isa = PBXBuildFile; fileRef = FE14C6E495DF34B0F5B0641E /* Pods_AHSTests.framework */; };
/* End PBXBuildFile section */

/* Begin PBXContainerItemProxy section */
		33516AC425FDD9250048A5A5 /* PBXContainerItemProxy */ = {
			isa = PBXContainerItemProxy;
			containerPortal = 33516AA525FDD9240048A5A5 /* Project object */;
			proxyType = 1;
			remoteGlobalIDString = 33516AAC25FDD9240048A5A5;
			remoteInfo = AHS;
		};
		33516ACF25FDD9250048A5A5 /* PBXContainerItemProxy */ = {
			isa = PBXContainerItemProxy;
			containerPortal = 33516AA525FDD9240048A5A5 /* Project object */;
			proxyType = 1;
			remoteGlobalIDString = 33516AAC25FDD9240048A5A5;
			remoteInfo = AHS;
		};
/* End PBXContainerItemProxy section */

/* Begin PBXFileReference section */
		044C24FFEFE1B8F83F1A023D /* Pods_AHS.framework */ = {isa = PBXFileReference; explicitFileType = wrapper.framework; includeInIndex = 0; path = Pods_AHS.framework; sourceTree = BUILT_PRODUCTS_DIR; };
		333D4BAD26005362000EC057 /* navigationViewControllerActions.swift */ = {isa = PBXFileReference; lastKnownFileType = sourcecode.swift; path = navigationViewControllerActions.swift; sourceTree = "<group>"; };
		333D4BBC26006100000EC057 /* SFProDisplay-Light.ttf */ = {isa = PBXFileReference; lastKnownFileType = file; name = "SFProDisplay-Light.ttf"; path = "AHS/Assets/SFProDisplay-Light.ttf"; sourceTree = SOURCE_ROOT; };
		333D4BBD26006100000EC057 /* NewYorkMedium-Bold.otf */ = {isa = PBXFileReference; lastKnownFileType = file; name = "NewYorkMedium-Bold.otf"; path = "AHS/Assets/NewYorkMedium-Bold.otf"; sourceTree = SOURCE_ROOT; };
		333D4BBE26006100000EC057 /* NewYorkSmall-MediumItalic.otf */ = {isa = PBXFileReference; lastKnownFileType = file; name = "NewYorkSmall-MediumItalic.otf"; path = "AHS/Assets/NewYorkSmall-MediumItalic.otf"; sourceTree = SOURCE_ROOT; };
		333D4BBF26006100000EC057 /* SFProDisplay-Bold.ttf */ = {isa = PBXFileReference; lastKnownFileType = file; name = "SFProDisplay-Bold.ttf"; path = "AHS/Assets/SFProDisplay-Bold.ttf"; sourceTree = SOURCE_ROOT; };
		333D4BC026006100000EC057 /* SFProDisplay-Regular.ttf */ = {isa = PBXFileReference; lastKnownFileType = file; name = "SFProDisplay-Regular.ttf"; path = "AHS/Assets/SFProDisplay-Regular.ttf"; sourceTree = SOURCE_ROOT; };
		333D4BC126006101000EC057 /* SFProDisplay-Black.ttf */ = {isa = PBXFileReference; lastKnownFileType = file; name = "SFProDisplay-Black.ttf"; path = "AHS/Assets/SFProDisplay-Black.ttf"; sourceTree = SOURCE_ROOT; };
		333D4BC226006101000EC057 /* SFProDisplay-Semibold.ttf */ = {isa = PBXFileReference; lastKnownFileType = file; name = "SFProDisplay-Semibold.ttf"; path = "AHS/Assets/SFProDisplay-Semibold.ttf"; sourceTree = SOURCE_ROOT; };
		333D4BDE26006154000EC057 /* SFProDisplay-Medium.ttf */ = {isa = PBXFileReference; lastKnownFileType = file; name = "SFProDisplay-Medium.ttf"; path = "AHS/Assets/SFProDisplay-Medium.ttf"; sourceTree = SOURCE_ROOT; };
		33516AAD25FDD9240048A5A5 /* AHS.app */ = {isa = PBXFileReference; explicitFileType = wrapper.application; includeInIndex = 0; path = AHS.app; sourceTree = BUILT_PRODUCTS_DIR; };
		33516AB025FDD9240048A5A5 /* AppDelegate.swift */ = {isa = PBXFileReference; lastKnownFileType = sourcecode.swift; path = AppDelegate.swift; sourceTree = "<group>"; };
		33516AB225FDD9240048A5A5 /* SceneDelegate.swift */ = {isa = PBXFileReference; lastKnownFileType = sourcecode.swift; path = SceneDelegate.swift; sourceTree = "<group>"; };
		33516AB925FDD9250048A5A5 /* Assets.xcassets */ = {isa = PBXFileReference; lastKnownFileType = folder.assetcatalog; path = Assets.xcassets; sourceTree = "<group>"; };
		33516ABC25FDD9250048A5A5 /* Base */ = {isa = PBXFileReference; lastKnownFileType = file.storyboard; name = Base; path = Base.lproj/LaunchScreen.storyboard; sourceTree = "<group>"; };
		33516ABE25FDD9250048A5A5 /* Info.plist */ = {isa = PBXFileReference; lastKnownFileType = text.plist.xml; path = Info.plist; sourceTree = "<group>"; };
		33516AC325FDD9250048A5A5 /* AHSTests.xctest */ = {isa = PBXFileReference; explicitFileType = wrapper.cfbundle; includeInIndex = 0; path = AHSTests.xctest; sourceTree = BUILT_PRODUCTS_DIR; };
		33516AC725FDD9250048A5A5 /* AHSTests.swift */ = {isa = PBXFileReference; lastKnownFileType = sourcecode.swift; path = AHSTests.swift; sourceTree = "<group>"; };
		33516AC925FDD9250048A5A5 /* Info.plist */ = {isa = PBXFileReference; lastKnownFileType = text.plist.xml; path = Info.plist; sourceTree = "<group>"; };
		33516ACE25FDD9250048A5A5 /* AHSUITests.xctest */ = {isa = PBXFileReference; explicitFileType = wrapper.cfbundle; includeInIndex = 0; path = AHSUITests.xctest; sourceTree = BUILT_PRODUCTS_DIR; };
		33516AD225FDD9250048A5A5 /* AHSUITests.swift */ = {isa = PBXFileReference; lastKnownFileType = sourcecode.swift; path = AHSUITests.swift; sourceTree = "<group>"; };
		33516AD425FDD9250048A5A5 /* Info.plist */ = {isa = PBXFileReference; lastKnownFileType = text.plist.xml; path = Info.plist; sourceTree = "<group>"; };
		33516AE725FDDAF30048A5A5 /* Icon */ = {isa = PBXFileReference; lastKnownFileType = folder; path = Icon; sourceTree = "<group>"; };
		33516B1C25FDE5820048A5A5 /* navigationViewController.swift */ = {isa = PBXFileReference; lastKnownFileType = sourcecode.swift; path = navigationViewController.swift; sourceTree = "<group>"; };
		33516B2325FDE62F0048A5A5 /* AppUtility.swift */ = {isa = PBXFileReference; lastKnownFileType = sourcecode.swift; path = AppUtility.swift; sourceTree = "<group>"; };
		337701EE25FEED4100DB4A71 /* Miscellaneous.swift */ = {isa = PBXFileReference; lastKnownFileType = sourcecode.swift; path = Miscellaneous.swift; sourceTree = "<group>"; };
		337701F725FF031100DB4A71 /* Extensions.swift */ = {isa = PBXFileReference; lastKnownFileType = sourcecode.swift; path = Extensions.swift; sourceTree = "<group>"; };
		337701FF25FF08FB00DB4A71 /* homePage.swift */ = {isa = PBXFileReference; lastKnownFileType = sourcecode.swift; path = homePage.swift; sourceTree = "<group>"; };
		3377020425FF090500DB4A71 /* bulletinPage.swift */ = {isa = PBXFileReference; lastKnownFileType = sourcecode.swift; path = bulletinPage.swift; sourceTree = "<group>"; };
		3377020925FF090E00DB4A71 /* savedPage.swift */ = {isa = PBXFileReference; lastKnownFileType = sourcecode.swift; path = savedPage.swift; sourceTree = "<group>"; };
		3377020E25FF091600DB4A71 /* profilePage.swift */ = {isa = PBXFileReference; lastKnownFileType = sourcecode.swift; path = profilePage.swift; sourceTree = "<group>"; };
		338F0D6926030D9200D49800 /* timeManager.swift */ = {isa = PBXFileReference; lastKnownFileType = sourcecode.swift; path = timeManager.swift; sourceTree = "<group>"; };
		338F0D762603155200D49800 /* GoogleService-Info.plist */ = {isa = PBXFileReference; fileEncoding = 4; lastKnownFileType = text.plist.xml; path = "GoogleService-Info.plist"; sourceTree = "<group>"; };
		3B961B128591CCD48AD8BD64 /* Pods_AHS_AHSUITests.framework */ = {isa = PBXFileReference; explicitFileType = wrapper.framework; includeInIndex = 0; path = Pods_AHS_AHSUITests.framework; sourceTree = BUILT_PRODUCTS_DIR; };
		5EB4713160081277A3449C2D /* Pods-AHS-AHSUITests.release.xcconfig */ = {isa = PBXFileReference; includeInIndex = 1; lastKnownFileType = text.xcconfig; name = "Pods-AHS-AHSUITests.release.xcconfig"; path = "Target Support Files/Pods-AHS-AHSUITests/Pods-AHS-AHSUITests.release.xcconfig"; sourceTree = "<group>"; };
		64DDC6284C089AD189C875C6 /* Pods-AHSTests.debug.xcconfig */ = {isa = PBXFileReference; includeInIndex = 1; lastKnownFileType = text.xcconfig; name = "Pods-AHSTests.debug.xcconfig"; path = "Target Support Files/Pods-AHSTests/Pods-AHSTests.debug.xcconfig"; sourceTree = "<group>"; };
		7844BB432B5D6451F406922F /* Pods-AHS.debug.xcconfig */ = {isa = PBXFileReference; includeInIndex = 1; lastKnownFileType = text.xcconfig; name = "Pods-AHS.debug.xcconfig"; path = "Target Support Files/Pods-AHS/Pods-AHS.debug.xcconfig"; sourceTree = "<group>"; };
		BF36A9055DA86599AF627173 /* Pods-AHSTests.release.xcconfig */ = {isa = PBXFileReference; includeInIndex = 1; lastKnownFileType = text.xcconfig; name = "Pods-AHSTests.release.xcconfig"; path = "Target Support Files/Pods-AHSTests/Pods-AHSTests.release.xcconfig"; sourceTree = "<group>"; };
		C33A3451AFCD6819ADF03C85 /* Pods-AHS.release.xcconfig */ = {isa = PBXFileReference; includeInIndex = 1; lastKnownFileType = text.xcconfig; name = "Pods-AHS.release.xcconfig"; path = "Target Support Files/Pods-AHS/Pods-AHS.release.xcconfig"; sourceTree = "<group>"; };
		EE13D66A80814EAF2DA9D654 /* Pods-AHS-AHSUITests.debug.xcconfig */ = {isa = PBXFileReference; includeInIndex = 1; lastKnownFileType = text.xcconfig; name = "Pods-AHS-AHSUITests.debug.xcconfig"; path = "Target Support Files/Pods-AHS-AHSUITests/Pods-AHS-AHSUITests.debug.xcconfig"; sourceTree = "<group>"; };
		FE14C6E495DF34B0F5B0641E /* Pods_AHSTests.framework */ = {isa = PBXFileReference; explicitFileType = wrapper.framework; includeInIndex = 0; path = Pods_AHSTests.framework; sourceTree = BUILT_PRODUCTS_DIR; };
/* End PBXFileReference section */

/* Begin PBXFrameworksBuildPhase section */
		33516AAA25FDD9240048A5A5 /* Frameworks */ = {
			isa = PBXFrameworksBuildPhase;
			buildActionMask = 2147483647;
			files = (
				93FA8C3A6469C340029F6466 /* Pods_AHS.framework in Frameworks */,
			);
			runOnlyForDeploymentPostprocessing = 0;
		};
		33516AC025FDD9250048A5A5 /* Frameworks */ = {
			isa = PBXFrameworksBuildPhase;
			buildActionMask = 2147483647;
			files = (
				CAB683BD42CC231346D5E6EA /* Pods_AHSTests.framework in Frameworks */,
			);
			runOnlyForDeploymentPostprocessing = 0;
		};
		33516ACB25FDD9250048A5A5 /* Frameworks */ = {
			isa = PBXFrameworksBuildPhase;
			buildActionMask = 2147483647;
			files = (
				15D068484C8BCB390DAA3174 /* Pods_AHS_AHSUITests.framework in Frameworks */,
			);
			runOnlyForDeploymentPostprocessing = 0;
		};
/* End PBXFrameworksBuildPhase section */

/* Begin PBXGroup section */
		333D4BAC26005343000EC057 /* navigationViewController */ = {
			isa = PBXGroup;
			children = (
				33516B1C25FDE5820048A5A5 /* navigationViewController.swift */,
				333D4BAD26005362000EC057 /* navigationViewControllerActions.swift */,
			);
			path = navigationViewController;
			sourceTree = "<group>";
		};
		333D4BBB260060F6000EC057 /* Fonts */ = {
			isa = PBXGroup;
			children = (
				333D4BDE26006154000EC057 /* SFProDisplay-Medium.ttf */,
				333D4BBD26006100000EC057 /* NewYorkMedium-Bold.otf */,
				333D4BBE26006100000EC057 /* NewYorkSmall-MediumItalic.otf */,
				333D4BC126006101000EC057 /* SFProDisplay-Black.ttf */,
				333D4BBF26006100000EC057 /* SFProDisplay-Bold.ttf */,
				333D4BBC26006100000EC057 /* SFProDisplay-Light.ttf */,
				333D4BC026006100000EC057 /* SFProDisplay-Regular.ttf */,
				333D4BC226006101000EC057 /* SFProDisplay-Semibold.ttf */,
			);
			path = Fonts;
			sourceTree = "<group>";
		};
		33516AA425FDD9240048A5A5 = {
			isa = PBXGroup;
			children = (
				33516AAF25FDD9240048A5A5 /* AHS */,
				33516AC625FDD9250048A5A5 /* AHSTests */,
				33516AD125FDD9250048A5A5 /* AHSUITests */,
				33516AAE25FDD9240048A5A5 /* Products */,
				81F4CCF26AB99AE874B3EA8C /* Pods */,
				FC8BCBFB9975C5A7888980F7 /* Frameworks */,
			);
			sourceTree = "<group>";
		};
		33516AAE25FDD9240048A5A5 /* Products */ = {
			isa = PBXGroup;
			children = (
				33516AAD25FDD9240048A5A5 /* AHS.app */,
				33516AC325FDD9250048A5A5 /* AHSTests.xctest */,
				33516ACE25FDD9250048A5A5 /* AHSUITests.xctest */,
			);
			name = Products;
			sourceTree = "<group>";
		};
		33516AAF25FDD9240048A5A5 /* AHS */ = {
			isa = PBXGroup;
			children = (
				33516ABE25FDD9250048A5A5 /* Info.plist */,
				338F0D762603155200D49800 /* GoogleService-Info.plist */,
				33516AB025FDD9240048A5A5 /* AppDelegate.swift */,
				33516B2325FDE62F0048A5A5 /* AppUtility.swift */,
				33516AB225FDD9240048A5A5 /* SceneDelegate.swift */,
				337701F625FF030100DB4A71 /* Misc */,
				33516AFD25FDDE760048A5A5 /* Backend */,
				33516AFC25FDDE6D0048A5A5 /* UI */,
				33516AFE25FDDE8E0048A5A5 /* Storyboards */,
				33516AE625FDDA2E0048A5A5 /* Assets */,
				33516AB925FDD9250048A5A5 /* Assets.xcassets */,
			);
			path = AHS;
			sourceTree = "<group>";
		};
		33516AC625FDD9250048A5A5 /* AHSTests */ = {
			isa = PBXGroup;
			children = (
				33516AC725FDD9250048A5A5 /* AHSTests.swift */,
				33516AC925FDD9250048A5A5 /* Info.plist */,
			);
			path = AHSTests;
			sourceTree = "<group>";
		};
		33516AD125FDD9250048A5A5 /* AHSUITests */ = {
			isa = PBXGroup;
			children = (
				33516AD225FDD9250048A5A5 /* AHSUITests.swift */,
				33516AD425FDD9250048A5A5 /* Info.plist */,
			);
			path = AHSUITests;
			sourceTree = "<group>";
		};
		33516AE625FDDA2E0048A5A5 /* Assets */ = {
			isa = PBXGroup;
			children = (
				333D4BBB260060F6000EC057 /* Fonts */,
				33516AE725FDDAF30048A5A5 /* Icon */,
			);
			path = Assets;
			sourceTree = "<group>";
		};
		33516AFC25FDDE6D0048A5A5 /* UI */ = {
			isa = PBXGroup;
			children = (
				333D4BAC26005343000EC057 /* navigationViewController */,
				337701FF25FF08FB00DB4A71 /* homePage.swift */,
				3377020425FF090500DB4A71 /* bulletinPage.swift */,
				3377020925FF090E00DB4A71 /* savedPage.swift */,
				3377020E25FF091600DB4A71 /* profilePage.swift */,
			);
			path = UI;
			sourceTree = "<group>";
		};
		33516AFD25FDDE760048A5A5 /* Backend */ = {
			isa = PBXGroup;
			children = (
				338F0D6926030D9200D49800 /* timeManager.swift */,
			);
			path = Backend;
			sourceTree = "<group>";
		};
		33516AFE25FDDE8E0048A5A5 /* Storyboards */ = {
			isa = PBXGroup;
			children = (
				33516ABB25FDD9250048A5A5 /* LaunchScreen.storyboard */,
			);
			path = Storyboards;
			sourceTree = "<group>";
		};
		337701F625FF030100DB4A71 /* Misc */ = {
			isa = PBXGroup;
			children = (
				337701EE25FEED4100DB4A71 /* Miscellaneous.swift */,
				337701F725FF031100DB4A71 /* Extensions.swift */,
			);
			path = Misc;
			sourceTree = "<group>";
		};
		81F4CCF26AB99AE874B3EA8C /* Pods */ = {
			isa = PBXGroup;
			children = (
				7844BB432B5D6451F406922F /* Pods-AHS.debug.xcconfig */,
				C33A3451AFCD6819ADF03C85 /* Pods-AHS.release.xcconfig */,
				EE13D66A80814EAF2DA9D654 /* Pods-AHS-AHSUITests.debug.xcconfig */,
				5EB4713160081277A3449C2D /* Pods-AHS-AHSUITests.release.xcconfig */,
				64DDC6284C089AD189C875C6 /* Pods-AHSTests.debug.xcconfig */,
				BF36A9055DA86599AF627173 /* Pods-AHSTests.release.xcconfig */,
			);
			name = Pods;
			path = Pods;
			sourceTree = "<group>";
		};
		FC8BCBFB9975C5A7888980F7 /* Frameworks */ = {
			isa = PBXGroup;
			children = (
				044C24FFEFE1B8F83F1A023D /* Pods_AHS.framework */,
				3B961B128591CCD48AD8BD64 /* Pods_AHS_AHSUITests.framework */,
				FE14C6E495DF34B0F5B0641E /* Pods_AHSTests.framework */,
			);
			name = Frameworks;
			sourceTree = "<group>";
		};
/* End PBXGroup section */

/* Begin PBXNativeTarget section */
		33516AAC25FDD9240048A5A5 /* AHS */ = {
			isa = PBXNativeTarget;
			buildConfigurationList = 33516AD725FDD9250048A5A5 /* Build configuration list for PBXNativeTarget "AHS" */;
			buildPhases = (
				B4983A3B2C73568A9318B1B0 /* [CP] Check Pods Manifest.lock */,
				33516AA925FDD9240048A5A5 /* Sources */,
				33516AAA25FDD9240048A5A5 /* Frameworks */,
				33516AAB25FDD9240048A5A5 /* Resources */,
				97576334FB1CDFA86434DF7E /* [CP] Embed Pods Frameworks */,
			);
			buildRules = (
			);
			dependencies = (
			);
			name = AHS;
			productName = AHS;
			productReference = 33516AAD25FDD9240048A5A5 /* AHS.app */;
			productType = "com.apple.product-type.application";
		};
		33516AC225FDD9250048A5A5 /* AHSTests */ = {
			isa = PBXNativeTarget;
			buildConfigurationList = 33516ADA25FDD9250048A5A5 /* Build configuration list for PBXNativeTarget "AHSTests" */;
			buildPhases = (
				16A0185333EF1638BC5AEEA3 /* [CP] Check Pods Manifest.lock */,
				33516ABF25FDD9250048A5A5 /* Sources */,
				33516AC025FDD9250048A5A5 /* Frameworks */,
				33516AC125FDD9250048A5A5 /* Resources */,
			);
			buildRules = (
			);
			dependencies = (
				33516AC525FDD9250048A5A5 /* PBXTargetDependency */,
			);
			name = AHSTests;
			productName = AHSTests;
			productReference = 33516AC325FDD9250048A5A5 /* AHSTests.xctest */;
			productType = "com.apple.product-type.bundle.unit-test";
		};
		33516ACD25FDD9250048A5A5 /* AHSUITests */ = {
			isa = PBXNativeTarget;
			buildConfigurationList = 33516ADD25FDD9250048A5A5 /* Build configuration list for PBXNativeTarget "AHSUITests" */;
			buildPhases = (
				C0F097881FEBEB6EC21E3FD5 /* [CP] Check Pods Manifest.lock */,
				33516ACA25FDD9250048A5A5 /* Sources */,
				33516ACB25FDD9250048A5A5 /* Frameworks */,
				33516ACC25FDD9250048A5A5 /* Resources */,
				E4E8D8B96D9B049F6D2827DD /* [CP] Embed Pods Frameworks */,
			);
			buildRules = (
			);
			dependencies = (
				33516AD025FDD9250048A5A5 /* PBXTargetDependency */,
			);
			name = AHSUITests;
			productName = AHSUITests;
			productReference = 33516ACE25FDD9250048A5A5 /* AHSUITests.xctest */;
			productType = "com.apple.product-type.bundle.ui-testing";
		};
/* End PBXNativeTarget section */

/* Begin PBXProject section */
		33516AA525FDD9240048A5A5 /* Project object */ = {
			isa = PBXProject;
			attributes = {
				LastSwiftUpdateCheck = 1240;
				LastUpgradeCheck = 1240;
				TargetAttributes = {
					33516AAC25FDD9240048A5A5 = {
						CreatedOnToolsVersion = 12.4;
					};
					33516AC225FDD9250048A5A5 = {
						CreatedOnToolsVersion = 12.4;
						TestTargetID = 33516AAC25FDD9240048A5A5;
					};
					33516ACD25FDD9250048A5A5 = {
						CreatedOnToolsVersion = 12.4;
						TestTargetID = 33516AAC25FDD9240048A5A5;
					};
				};
			};
			buildConfigurationList = 33516AA825FDD9240048A5A5 /* Build configuration list for PBXProject "AHS" */;
			compatibilityVersion = "Xcode 9.3";
			developmentRegion = en;
			hasScannedForEncodings = 0;
			knownRegions = (
				en,
				Base,
			);
			mainGroup = 33516AA425FDD9240048A5A5;
			productRefGroup = 33516AAE25FDD9240048A5A5 /* Products */;
			projectDirPath = "";
			projectRoot = "";
			targets = (
				33516AAC25FDD9240048A5A5 /* AHS */,
				33516AC225FDD9250048A5A5 /* AHSTests */,
				33516ACD25FDD9250048A5A5 /* AHSUITests */,
			);
		};
/* End PBXProject section */

/* Begin PBXResourcesBuildPhase section */
		33516AAB25FDD9240048A5A5 /* Resources */ = {
			isa = PBXResourcesBuildPhase;
			buildActionMask = 2147483647;
			files = (
				338F0D772603155200D49800 /* GoogleService-Info.plist in Resources */,
				333D4BC926006101000EC057 /* NewYorkSmall-MediumItalic.otf in Resources */,
				333D4BC626006101000EC057 /* NewYorkMedium-Bold.otf in Resources */,
				333D4BD226006101000EC057 /* SFProDisplay-Black.ttf in Resources */,
				333D4BD526006101000EC057 /* SFProDisplay-Semibold.ttf in Resources */,
				33516ABD25FDD9250048A5A5 /* LaunchScreen.storyboard in Resources */,
				333D4BCF26006101000EC057 /* SFProDisplay-Regular.ttf in Resources */,
				33516AE925FDDAF30048A5A5 /* Icon in Resources */,
				333D4BCC26006101000EC057 /* SFProDisplay-Bold.ttf in Resources */,
				333D4BDF26006154000EC057 /* SFProDisplay-Medium.ttf in Resources */,
				33516ABA25FDD9250048A5A5 /* Assets.xcassets in Resources */,
				333D4BC326006101000EC057 /* SFProDisplay-Light.ttf in Resources */,
			);
			runOnlyForDeploymentPostprocessing = 0;
		};
		33516AC125FDD9250048A5A5 /* Resources */ = {
			isa = PBXResourcesBuildPhase;
			buildActionMask = 2147483647;
			files = (
				333D4BCA26006101000EC057 /* NewYorkSmall-MediumItalic.otf in Resources */,
				333D4BD626006101000EC057 /* SFProDisplay-Semibold.ttf in Resources */,
				33516AEA25FDDAF30048A5A5 /* Icon in Resources */,
				333D4BCD26006101000EC057 /* SFProDisplay-Bold.ttf in Resources */,
				333D4BD326006101000EC057 /* SFProDisplay-Black.ttf in Resources */,
				333D4BD026006101000EC057 /* SFProDisplay-Regular.ttf in Resources */,
				333D4BC426006101000EC057 /* SFProDisplay-Light.ttf in Resources */,
				333D4BC726006101000EC057 /* NewYorkMedium-Bold.otf in Resources */,
			);
			runOnlyForDeploymentPostprocessing = 0;
		};
		33516ACC25FDD9250048A5A5 /* Resources */ = {
			isa = PBXResourcesBuildPhase;
			buildActionMask = 2147483647;
			files = (
				333D4BCB26006101000EC057 /* NewYorkSmall-MediumItalic.otf in Resources */,
				333D4BD726006101000EC057 /* SFProDisplay-Semibold.ttf in Resources */,
				33516AEB25FDDAF30048A5A5 /* Icon in Resources */,
				333D4BCE26006101000EC057 /* SFProDisplay-Bold.ttf in Resources */,
				333D4BD426006101000EC057 /* SFProDisplay-Black.ttf in Resources */,
				333D4BD126006101000EC057 /* SFProDisplay-Regular.ttf in Resources */,
				333D4BC526006101000EC057 /* SFProDisplay-Light.ttf in Resources */,
				333D4BC826006101000EC057 /* NewYorkMedium-Bold.otf in Resources */,
			);
			runOnlyForDeploymentPostprocessing = 0;
		};
/* End PBXResourcesBuildPhase section */

/* Begin PBXShellScriptBuildPhase section */
		16A0185333EF1638BC5AEEA3 /* [CP] Check Pods Manifest.lock */ = {
			isa = PBXShellScriptBuildPhase;
			buildActionMask = 2147483647;
			files = (
			);
			inputFileListPaths = (
			);
			inputPaths = (
				"${PODS_PODFILE_DIR_PATH}/Podfile.lock",
				"${PODS_ROOT}/Manifest.lock",
			);
			name = "[CP] Check Pods Manifest.lock";
			outputFileListPaths = (
			);
			outputPaths = (
				"$(DERIVED_FILE_DIR)/Pods-AHSTests-checkManifestLockResult.txt",
			);
			runOnlyForDeploymentPostprocessing = 0;
			shellPath = /bin/sh;
			shellScript = "diff \"${PODS_PODFILE_DIR_PATH}/Podfile.lock\" \"${PODS_ROOT}/Manifest.lock\" > /dev/null\nif [ $? != 0 ] ; then\n    # print error to STDERR\n    echo \"error: The sandbox is not in sync with the Podfile.lock. Run 'pod install' or update your CocoaPods installation.\" >&2\n    exit 1\nfi\n# This output is used by Xcode 'outputs' to avoid re-running this script phase.\necho \"SUCCESS\" > \"${SCRIPT_OUTPUT_FILE_0}\"\n";
			showEnvVarsInLog = 0;
		};
		97576334FB1CDFA86434DF7E /* [CP] Embed Pods Frameworks */ = {
			isa = PBXShellScriptBuildPhase;
			buildActionMask = 2147483647;
			files = (
			);
			inputFileListPaths = (
				"${PODS_ROOT}/Target Support Files/Pods-AHS/Pods-AHS-frameworks-${CONFIGURATION}-input-files.xcfilelist",
			);
			name = "[CP] Embed Pods Frameworks";
			outputFileListPaths = (
				"${PODS_ROOT}/Target Support Files/Pods-AHS/Pods-AHS-frameworks-${CONFIGURATION}-output-files.xcfilelist",
			);
			runOnlyForDeploymentPostprocessing = 0;
			shellPath = /bin/sh;
			shellScript = "\"${PODS_ROOT}/Target Support Files/Pods-AHS/Pods-AHS-frameworks.sh\"\n";
			showEnvVarsInLog = 0;
		};
		B4983A3B2C73568A9318B1B0 /* [CP] Check Pods Manifest.lock */ = {
			isa = PBXShellScriptBuildPhase;
			buildActionMask = 2147483647;
			files = (
			);
			inputFileListPaths = (
			);
			inputPaths = (
				"${PODS_PODFILE_DIR_PATH}/Podfile.lock",
				"${PODS_ROOT}/Manifest.lock",
			);
			name = "[CP] Check Pods Manifest.lock";
			outputFileListPaths = (
			);
			outputPaths = (
				"$(DERIVED_FILE_DIR)/Pods-AHS-checkManifestLockResult.txt",
			);
			runOnlyForDeploymentPostprocessing = 0;
			shellPath = /bin/sh;
			shellScript = "diff \"${PODS_PODFILE_DIR_PATH}/Podfile.lock\" \"${PODS_ROOT}/Manifest.lock\" > /dev/null\nif [ $? != 0 ] ; then\n    # print error to STDERR\n    echo \"error: The sandbox is not in sync with the Podfile.lock. Run 'pod install' or update your CocoaPods installation.\" >&2\n    exit 1\nfi\n# This output is used by Xcode 'outputs' to avoid re-running this script phase.\necho \"SUCCESS\" > \"${SCRIPT_OUTPUT_FILE_0}\"\n";
			showEnvVarsInLog = 0;
		};
		C0F097881FEBEB6EC21E3FD5 /* [CP] Check Pods Manifest.lock */ = {
			isa = PBXShellScriptBuildPhase;
			buildActionMask = 2147483647;
			files = (
			);
			inputFileListPaths = (
			);
			inputPaths = (
				"${PODS_PODFILE_DIR_PATH}/Podfile.lock",
				"${PODS_ROOT}/Manifest.lock",
			);
			name = "[CP] Check Pods Manifest.lock";
			outputFileListPaths = (
			);
			outputPaths = (
				"$(DERIVED_FILE_DIR)/Pods-AHS-AHSUITests-checkManifestLockResult.txt",
			);
			runOnlyForDeploymentPostprocessing = 0;
			shellPath = /bin/sh;
			shellScript = "diff \"${PODS_PODFILE_DIR_PATH}/Podfile.lock\" \"${PODS_ROOT}/Manifest.lock\" > /dev/null\nif [ $? != 0 ] ; then\n    # print error to STDERR\n    echo \"error: The sandbox is not in sync with the Podfile.lock. Run 'pod install' or update your CocoaPods installation.\" >&2\n    exit 1\nfi\n# This output is used by Xcode 'outputs' to avoid re-running this script phase.\necho \"SUCCESS\" > \"${SCRIPT_OUTPUT_FILE_0}\"\n";
			showEnvVarsInLog = 0;
		};
		E4E8D8B96D9B049F6D2827DD /* [CP] Embed Pods Frameworks */ = {
			isa = PBXShellScriptBuildPhase;
			buildActionMask = 2147483647;
			files = (
			);
			inputFileListPaths = (
				"${PODS_ROOT}/Target Support Files/Pods-AHS-AHSUITests/Pods-AHS-AHSUITests-frameworks-${CONFIGURATION}-input-files.xcfilelist",
			);
			name = "[CP] Embed Pods Frameworks";
			outputFileListPaths = (
				"${PODS_ROOT}/Target Support Files/Pods-AHS-AHSUITests/Pods-AHS-AHSUITests-frameworks-${CONFIGURATION}-output-files.xcfilelist",
			);
			runOnlyForDeploymentPostprocessing = 0;
			shellPath = /bin/sh;
			shellScript = "\"${PODS_ROOT}/Target Support Files/Pods-AHS-AHSUITests/Pods-AHS-AHSUITests-frameworks.sh\"\n";
			showEnvVarsInLog = 0;
		};
/* End PBXShellScriptBuildPhase section */

/* Begin PBXSourcesBuildPhase section */
		33516AA925FDD9240048A5A5 /* Sources */ = {
			isa = PBXSourcesBuildPhase;
			buildActionMask = 2147483647;
			files = (
				33516B2425FDE62F0048A5A5 /* AppUtility.swift in Sources */,
				3377020525FF090500DB4A71 /* bulletinPage.swift in Sources */,
				3377020F25FF091600DB4A71 /* profilePage.swift in Sources */,
				333D4BAE26005362000EC057 /* navigationViewControllerActions.swift in Sources */,
				337701F825FF031100DB4A71 /* Extensions.swift in Sources */,
				337701EF25FEED4100DB4A71 /* Miscellaneous.swift in Sources */,
				338F0D6A26030D9200D49800 /* timeManager.swift in Sources */,
				3377020A25FF090E00DB4A71 /* savedPage.swift in Sources */,
				33516AB125FDD9240048A5A5 /* AppDelegate.swift in Sources */,
				33516AB325FDD9240048A5A5 /* SceneDelegate.swift in Sources */,
				33516B1D25FDE5820048A5A5 /* navigationViewController.swift in Sources */,
				3377020025FF08FB00DB4A71 /* homePage.swift in Sources */,
			);
			runOnlyForDeploymentPostprocessing = 0;
		};
		33516ABF25FDD9250048A5A5 /* Sources */ = {
			isa = PBXSourcesBuildPhase;
			buildActionMask = 2147483647;
			files = (
				33516B1E25FDE5820048A5A5 /* navigationViewController.swift in Sources */,
				33516AC825FDD9250048A5A5 /* AHSTests.swift in Sources */,
				33516B2525FDE62F0048A5A5 /* AppUtility.swift in Sources */,
			);
			runOnlyForDeploymentPostprocessing = 0;
		};
		33516ACA25FDD9250048A5A5 /* Sources */ = {
			isa = PBXSourcesBuildPhase;
			buildActionMask = 2147483647;
			files = (
				33516B1F25FDE5820048A5A5 /* navigationViewController.swift in Sources */,
				33516AD325FDD9250048A5A5 /* AHSUITests.swift in Sources */,
				33516B2625FDE62F0048A5A5 /* AppUtility.swift in Sources */,
			);
			runOnlyForDeploymentPostprocessing = 0;
		};
/* End PBXSourcesBuildPhase section */

/* Begin PBXTargetDependency section */
		33516AC525FDD9250048A5A5 /* PBXTargetDependency */ = {
			isa = PBXTargetDependency;
			target = 33516AAC25FDD9240048A5A5 /* AHS */;
			targetProxy = 33516AC425FDD9250048A5A5 /* PBXContainerItemProxy */;
		};
		33516AD025FDD9250048A5A5 /* PBXTargetDependency */ = {
			isa = PBXTargetDependency;
			target = 33516AAC25FDD9240048A5A5 /* AHS */;
			targetProxy = 33516ACF25FDD9250048A5A5 /* PBXContainerItemProxy */;
		};
/* End PBXTargetDependency section */

/* Begin PBXVariantGroup section */
		33516ABB25FDD9250048A5A5 /* LaunchScreen.storyboard */ = {
			isa = PBXVariantGroup;
			children = (
				33516ABC25FDD9250048A5A5 /* Base */,
			);
			name = LaunchScreen.storyboard;
			sourceTree = "<group>";
		};
/* End PBXVariantGroup section */

/* Begin XCBuildConfiguration section */
		33516AD525FDD9250048A5A5 /* Debug */ = {
			isa = XCBuildConfiguration;
			buildSettings = {
				ALWAYS_SEARCH_USER_PATHS = NO;
				CLANG_ANALYZER_NONNULL = YES;
				CLANG_ANALYZER_NUMBER_OBJECT_CONVERSION = YES_AGGRESSIVE;
				CLANG_CXX_LANGUAGE_STANDARD = "gnu++14";
				CLANG_CXX_LIBRARY = "libc++";
				CLANG_ENABLE_MODULES = YES;
				CLANG_ENABLE_OBJC_ARC = YES;
				CLANG_ENABLE_OBJC_WEAK = YES;
				CLANG_WARN_BLOCK_CAPTURE_AUTORELEASING = YES;
				CLANG_WARN_BOOL_CONVERSION = YES;
				CLANG_WARN_COMMA = YES;
				CLANG_WARN_CONSTANT_CONVERSION = YES;
				CLANG_WARN_DEPRECATED_OBJC_IMPLEMENTATIONS = YES;
				CLANG_WARN_DIRECT_OBJC_ISA_USAGE = YES_ERROR;
				CLANG_WARN_DOCUMENTATION_COMMENTS = YES;
				CLANG_WARN_EMPTY_BODY = YES;
				CLANG_WARN_ENUM_CONVERSION = YES;
				CLANG_WARN_INFINITE_RECURSION = YES;
				CLANG_WARN_INT_CONVERSION = YES;
				CLANG_WARN_NON_LITERAL_NULL_CONVERSION = YES;
				CLANG_WARN_OBJC_IMPLICIT_RETAIN_SELF = YES;
				CLANG_WARN_OBJC_LITERAL_CONVERSION = YES;
				CLANG_WARN_OBJC_ROOT_CLASS = YES_ERROR;
				CLANG_WARN_QUOTED_INCLUDE_IN_FRAMEWORK_HEADER = YES;
				CLANG_WARN_RANGE_LOOP_ANALYSIS = YES;
				CLANG_WARN_STRICT_PROTOTYPES = YES;
				CLANG_WARN_SUSPICIOUS_MOVE = YES;
				CLANG_WARN_UNGUARDED_AVAILABILITY = YES_AGGRESSIVE;
				CLANG_WARN_UNREACHABLE_CODE = YES;
				CLANG_WARN__DUPLICATE_METHOD_MATCH = YES;
				COPY_PHASE_STRIP = NO;
				DEBUG_INFORMATION_FORMAT = dwarf;
				ENABLE_STRICT_OBJC_MSGSEND = YES;
				ENABLE_TESTABILITY = YES;
				GCC_C_LANGUAGE_STANDARD = gnu11;
				GCC_DYNAMIC_NO_PIC = NO;
				GCC_NO_COMMON_BLOCKS = YES;
				GCC_OPTIMIZATION_LEVEL = 0;
				GCC_PREPROCESSOR_DEFINITIONS = (
					"DEBUG=1",
					"$(inherited)",
				);
				GCC_WARN_64_TO_32_BIT_CONVERSION = YES;
				GCC_WARN_ABOUT_RETURN_TYPE = YES_ERROR;
				GCC_WARN_UNDECLARED_SELECTOR = YES;
				GCC_WARN_UNINITIALIZED_AUTOS = YES_AGGRESSIVE;
				GCC_WARN_UNUSED_FUNCTION = YES;
				GCC_WARN_UNUSED_VARIABLE = YES;
				IPHONEOS_DEPLOYMENT_TARGET = 14.4;
				MTL_ENABLE_DEBUG_INFO = INCLUDE_SOURCE;
				MTL_FAST_MATH = YES;
				ONLY_ACTIVE_ARCH = YES;
				SDKROOT = iphoneos;
				SWIFT_ACTIVE_COMPILATION_CONDITIONS = DEBUG;
				SWIFT_OPTIMIZATION_LEVEL = "-Onone";
			};
			name = Debug;
		};
		33516AD625FDD9250048A5A5 /* Release */ = {
			isa = XCBuildConfiguration;
			buildSettings = {
				ALWAYS_SEARCH_USER_PATHS = NO;
				CLANG_ANALYZER_NONNULL = YES;
				CLANG_ANALYZER_NUMBER_OBJECT_CONVERSION = YES_AGGRESSIVE;
				CLANG_CXX_LANGUAGE_STANDARD = "gnu++14";
				CLANG_CXX_LIBRARY = "libc++";
				CLANG_ENABLE_MODULES = YES;
				CLANG_ENABLE_OBJC_ARC = YES;
				CLANG_ENABLE_OBJC_WEAK = YES;
				CLANG_WARN_BLOCK_CAPTURE_AUTORELEASING = YES;
				CLANG_WARN_BOOL_CONVERSION = YES;
				CLANG_WARN_COMMA = YES;
				CLANG_WARN_CONSTANT_CONVERSION = YES;
				CLANG_WARN_DEPRECATED_OBJC_IMPLEMENTATIONS = YES;
				CLANG_WARN_DIRECT_OBJC_ISA_USAGE = YES_ERROR;
				CLANG_WARN_DOCUMENTATION_COMMENTS = YES;
				CLANG_WARN_EMPTY_BODY = YES;
				CLANG_WARN_ENUM_CONVERSION = YES;
				CLANG_WARN_INFINITE_RECURSION = YES;
				CLANG_WARN_INT_CONVERSION = YES;
				CLANG_WARN_NON_LITERAL_NULL_CONVERSION = YES;
				CLANG_WARN_OBJC_IMPLICIT_RETAIN_SELF = YES;
				CLANG_WARN_OBJC_LITERAL_CONVERSION = YES;
				CLANG_WARN_OBJC_ROOT_CLASS = YES_ERROR;
				CLANG_WARN_QUOTED_INCLUDE_IN_FRAMEWORK_HEADER = YES;
				CLANG_WARN_RANGE_LOOP_ANALYSIS = YES;
				CLANG_WARN_STRICT_PROTOTYPES = YES;
				CLANG_WARN_SUSPICIOUS_MOVE = YES;
				CLANG_WARN_UNGUARDED_AVAILABILITY = YES_AGGRESSIVE;
				CLANG_WARN_UNREACHABLE_CODE = YES;
				CLANG_WARN__DUPLICATE_METHOD_MATCH = YES;
				COPY_PHASE_STRIP = NO;
				DEBUG_INFORMATION_FORMAT = "dwarf-with-dsym";
				ENABLE_NS_ASSERTIONS = NO;
				ENABLE_STRICT_OBJC_MSGSEND = YES;
				GCC_C_LANGUAGE_STANDARD = gnu11;
				GCC_NO_COMMON_BLOCKS = YES;
				GCC_WARN_64_TO_32_BIT_CONVERSION = YES;
				GCC_WARN_ABOUT_RETURN_TYPE = YES_ERROR;
				GCC_WARN_UNDECLARED_SELECTOR = YES;
				GCC_WARN_UNINITIALIZED_AUTOS = YES_AGGRESSIVE;
				GCC_WARN_UNUSED_FUNCTION = YES;
				GCC_WARN_UNUSED_VARIABLE = YES;
				IPHONEOS_DEPLOYMENT_TARGET = 14.4;
				MTL_ENABLE_DEBUG_INFO = NO;
				MTL_FAST_MATH = YES;
				SDKROOT = iphoneos;
				SWIFT_COMPILATION_MODE = wholemodule;
				SWIFT_OPTIMIZATION_LEVEL = "-O";
				VALIDATE_PRODUCT = YES;
			};
			name = Release;
		};
		33516AD825FDD9250048A5A5 /* Debug */ = {
			isa = XCBuildConfiguration;
			baseConfigurationReference = 7844BB432B5D6451F406922F /* Pods-AHS.debug.xcconfig */;
			buildSettings = {
				ASSETCATALOG_COMPILER_APPICON_NAME = AppIcon;
				ASSETCATALOG_COMPILER_GLOBAL_ACCENT_COLOR_NAME = AccentColor;
				CODE_SIGN_STYLE = Automatic;
				DEVELOPMENT_TEAM = P5E4JP96ES;
				INFOPLIST_FILE = AHS/Info.plist;
				LD_RUNPATH_SEARCH_PATHS = (
					"$(inherited)",
					"@executable_path/Frameworks",
				);
				PRODUCT_BUNDLE_IDENTIFIER = com.ArcadiaApaches.ArcadiaHighSchoolApp;
				PRODUCT_NAME = "$(TARGET_NAME)";
				SWIFT_VERSION = 5.0;
				TARGETED_DEVICE_FAMILY = "1,2";
			};
			name = Debug;
		};
		33516AD925FDD9250048A5A5 /* Release */ = {
			isa = XCBuildConfiguration;
			baseConfigurationReference = C33A3451AFCD6819ADF03C85 /* Pods-AHS.release.xcconfig */;
			buildSettings = {
				ASSETCATALOG_COMPILER_APPICON_NAME = AppIcon;
				ASSETCATALOG_COMPILER_GLOBAL_ACCENT_COLOR_NAME = AccentColor;
				CODE_SIGN_STYLE = Automatic;
				DEVELOPMENT_TEAM = P5E4JP96ES;
				INFOPLIST_FILE = AHS/Info.plist;
				LD_RUNPATH_SEARCH_PATHS = (
					"$(inherited)",
					"@executable_path/Frameworks",
				);
				PRODUCT_BUNDLE_IDENTIFIER = com.ArcadiaApaches.ArcadiaHighSchoolApp;
				PRODUCT_NAME = "$(TARGET_NAME)";
				SWIFT_VERSION = 5.0;
				TARGETED_DEVICE_FAMILY = "1,2";
			};
			name = Release;
		};
		33516ADB25FDD9250048A5A5 /* Debug */ = {
			isa = XCBuildConfiguration;
			baseConfigurationReference = 64DDC6284C089AD189C875C6 /* Pods-AHSTests.debug.xcconfig */;
			buildSettings = {
				ALWAYS_EMBED_SWIFT_STANDARD_LIBRARIES = YES;
				BUNDLE_LOADER = "$(TEST_HOST)";
				CODE_SIGN_STYLE = Automatic;
				DEVELOPMENT_TEAM = P5E4JP96ES;
				INFOPLIST_FILE = AHSTests/Info.plist;
				IPHONEOS_DEPLOYMENT_TARGET = 14.4;
				LD_RUNPATH_SEARCH_PATHS = (
					"$(inherited)",
					"@executable_path/Frameworks",
					"@loader_path/Frameworks",
				);
				PRODUCT_BUNDLE_IDENTIFIER = com.ArcadiaApaches.AHSTests;
				PRODUCT_NAME = "$(TARGET_NAME)";
				SWIFT_VERSION = 5.0;
				TARGETED_DEVICE_FAMILY = "1,2";
				TEST_HOST = "$(BUILT_PRODUCTS_DIR)/AHS.app/AHS";
			};
			name = Debug;
		};
		33516ADC25FDD9250048A5A5 /* Release */ = {
			isa = XCBuildConfiguration;
			baseConfigurationReference = BF36A9055DA86599AF627173 /* Pods-AHSTests.release.xcconfig */;
			buildSettings = {
				ALWAYS_EMBED_SWIFT_STANDARD_LIBRARIES = YES;
				BUNDLE_LOADER = "$(TEST_HOST)";
				CODE_SIGN_STYLE = Automatic;
				DEVELOPMENT_TEAM = P5E4JP96ES;
				INFOPLIST_FILE = AHSTests/Info.plist;
				IPHONEOS_DEPLOYMENT_TARGET = 14.4;
				LD_RUNPATH_SEARCH_PATHS = (
					"$(inherited)",
					"@executable_path/Frameworks",
					"@loader_path/Frameworks",
				);
				PRODUCT_BUNDLE_IDENTIFIER = com.ArcadiaApaches.AHSTests;
				PRODUCT_NAME = "$(TARGET_NAME)";
				SWIFT_VERSION = 5.0;
				TARGETED_DEVICE_FAMILY = "1,2";
				TEST_HOST = "$(BUILT_PRODUCTS_DIR)/AHS.app/AHS";
			};
			name = Release;
		};
		33516ADE25FDD9250048A5A5 /* Debug */ = {
			isa = XCBuildConfiguration;
			baseConfigurationReference = EE13D66A80814EAF2DA9D654 /* Pods-AHS-AHSUITests.debug.xcconfig */;
			buildSettings = {
				ALWAYS_EMBED_SWIFT_STANDARD_LIBRARIES = YES;
				CODE_SIGN_STYLE = Automatic;
				DEVELOPMENT_TEAM = P5E4JP96ES;
				INFOPLIST_FILE = AHSUITests/Info.plist;
				LD_RUNPATH_SEARCH_PATHS = (
					"$(inherited)",
					"@executable_path/Frameworks",
					"@loader_path/Frameworks",
				);
				PRODUCT_BUNDLE_IDENTIFIER = com.ArcadiaApaches.AHSUITests;
				PRODUCT_NAME = "$(TARGET_NAME)";
				SWIFT_VERSION = 5.0;
				TARGETED_DEVICE_FAMILY = "1,2";
				TEST_TARGET_NAME = AHS;
			};
			name = Debug;
		};
		33516ADF25FDD9250048A5A5 /* Release */ = {
			isa = XCBuildConfiguration;
			baseConfigurationReference = 5EB4713160081277A3449C2D /* Pods-AHS-AHSUITests.release.xcconfig */;
			buildSettings = {
				ALWAYS_EMBED_SWIFT_STANDARD_LIBRARIES = YES;
				CODE_SIGN_STYLE = Automatic;
				DEVELOPMENT_TEAM = P5E4JP96ES;
				INFOPLIST_FILE = AHSUITests/Info.plist;
				LD_RUNPATH_SEARCH_PATHS = (
					"$(inherited)",
					"@executable_path/Frameworks",
					"@loader_path/Frameworks",
				);
				PRODUCT_BUNDLE_IDENTIFIER = com.ArcadiaApaches.AHSUITests;
				PRODUCT_NAME = "$(TARGET_NAME)";
				SWIFT_VERSION = 5.0;
				TARGETED_DEVICE_FAMILY = "1,2";
				TEST_TARGET_NAME = AHS;
			};
			name = Release;
		};
/* End XCBuildConfiguration section */

/* Begin XCConfigurationList section */
		33516AA825FDD9240048A5A5 /* Build configuration list for PBXProject "AHS" */ = {
			isa = XCConfigurationList;
			buildConfigurations = (
				33516AD525FDD9250048A5A5 /* Debug */,
				33516AD625FDD9250048A5A5 /* Release */,
			);
			defaultConfigurationIsVisible = 0;
			defaultConfigurationName = Release;
		};
		33516AD725FDD9250048A5A5 /* Build configuration list for PBXNativeTarget "AHS" */ = {
			isa = XCConfigurationList;
			buildConfigurations = (
				33516AD825FDD9250048A5A5 /* Debug */,
				33516AD925FDD9250048A5A5 /* Release */,
			);
			defaultConfigurationIsVisible = 0;
			defaultConfigurationName = Release;
		};
		33516ADA25FDD9250048A5A5 /* Build configuration list for PBXNativeTarget "AHSTests" */ = {
			isa = XCConfigurationList;
			buildConfigurations = (
				33516ADB25FDD9250048A5A5 /* Debug */,
				33516ADC25FDD9250048A5A5 /* Release */,
			);
			defaultConfigurationIsVisible = 0;
			defaultConfigurationName = Release;
		};
		33516ADD25FDD9250048A5A5 /* Build configuration list for PBXNativeTarget "AHSUITests" */ = {
			isa = XCConfigurationList;
			buildConfigurations = (
				33516ADE25FDD9250048A5A5 /* Debug */,
				33516ADF25FDD9250048A5A5 /* Release */,
			);
			defaultConfigurationIsVisible = 0;
			defaultConfigurationName = Release;
		};
/* End XCConfigurationList section */
	};
	rootObject = 33516AA525FDD9240048A5A5 /* Project object */;
}
